
Microsoft Visual Studio Solution File, Format Version 12.00
# Visual Studio Version 16
VisualStudioVersion = 16.0.33423.256
MinimumVisualStudioVersion = 10.0.40219.1
Project("{FAE04EC0-301F-11D3-BF4B-00C04F79EFBC}") = "MvcProjeKampi", "MvcProjeKampi\MvcProjeKampi.csproj", "{E08E84A8-6B22-4BDF-842B-72D08FF21E49}"
EndProject
Project("{FAE04EC0-301F-11D3-BF4B-00C04F79EFBC}") = "EntityLayer", "EntityLayer\EntityLayer.csproj", "{302F01C6-3DD4-4234-8302-1FA8963031C1}"
EndProject
Project("{FAE04EC0-301F-11D3-BF4B-00C04F79EFBC}") = "DataAccessLayer", "DataAccessLayer\DataAccessLayer.csproj", "{8CB28184-0F4D-4DCF-9408-7ACDBAE5A06C}"
EndProject
Project("{FAE04EC0-301F-11D3-BF4B-00C04F79EFBC}") = "BusinessLayer", "BusinessLayer\BusinessLayer.csproj", "{681A7E0D-7FE5-44CB-836F-7E46806E3406}"
EndProject
Global
	GlobalSection(SolutionConfigurationPlatforms) = preSolution
		Debug|Any CPU = Debug|Any CPU
		Release|Any CPU = Release|Any CPU
	EndGlobalSection
	GlobalSection(ProjectConfigurationPlatforms) = postSolution
		{E08E84A8-6B22-4BDF-842B-72D08FF21E49}.Debug|Any CPU.ActiveCfg = Debug|Any CPU
		{E08E84A8-6B22-4BDF-842B-72D08FF21E49}.Debug|Any CPU.Build.0 = Debug|Any CPU
		{E08E84A8-6B22-4BDF-842B-72D08FF21E49}.Release|Any CPU.ActiveCfg = Release|Any CPU
		{E08E84A8-6B22-4BDF-842B-72D08FF21E49}.Release|Any CPU.Build.0 = Release|Any CPU
		{302F01C6-3DD4-4234-8302-1FA8963031C1}.Debug|Any CPU.ActiveCfg = Debug|Any CPU
		{302F01C6-3DD4-4234-8302-1FA8963031C1}.Debug|Any CPU.Build.0 = Debug|Any CPU
		{302F01C6-3DD4-4234-8302-1FA8963031C1}.Release|Any CPU.ActiveCfg = Release|Any CPU
		{302F01C6-3DD4-4234-8302-1FA8963031C1}.Release|Any CPU.Build.0 = Release|Any CPU
		{8CB28184-0F4D-4DCF-9408-7ACDBAE5A06C}.Debug|Any CPU.ActiveCfg = Debug|Any CPU
		{8CB28184-0F4D-4DCF-9408-7ACDBAE5A06C}.Debug|Any CPU.Build.0 = Debug|Any CPU
		{8CB28184-0F4D-4DCF-9408-7ACDBAE5A06C}.Release|Any CPU.ActiveCfg = Release|Any CPU
		{8CB28184-0F4D-4DCF-9408-7ACDBAE5A06C}.Release|Any CPU.Build.0 = Release|Any CPU
		{681A7E0D-7FE5-44CB-836F-7E46806E3406}.Debug|Any CPU.ActiveCfg = Debug|Any CPU
		{681A7E0D-7FE5-44CB-836F-7E46806E3406}.Debug|Any CPU.Build.0 = Debug|Any CPU
		{681A7E0D-7FE5-44CB-836F-7E46806E3406}.Release|Any CPU.ActiveCfg = Release|Any CPU
		{681A7E0D-7FE5-44CB-836F-7E46806E3406}.Release|Any CPU.Build.0 = Release|Any CPU
	EndGlobalSection
	GlobalSection(SolutionProperties) = preSolution
		HideSolutionNode = FALSE
	EndGlobalSection
	GlobalSection(ExtensibilityGlobals) = postSolution
		SolutionGuid = {73F13BA3-B6DC-4161-B14A-7D5DA2567158}
	EndGlobalSection
EndGlobal
